
Microsoft Visual Studio Solution File, Format Version 12.00
# Visual Studio 15
VisualStudioVersion = 15.0.28010.2046
MinimumVisualStudioVersion = 10.0.40219.1
Project("{FAE04EC0-301F-11D3-BF4B-00C04F79EFBC}") = "JS20190316TP3OOP", "JS20190316TP3OOP\JS20190316TP3OOP.csproj", "{AA40028C-FB50-418E-9634-DF1A42DDFE56}"
EndProject
Global
	GlobalSection(SolutionConfigurationPlatforms) = preSolution
		Debug|Any CPU = Debug|Any CPU
		Release|Any CPU = Release|Any CPU
	EndGlobalSection
	GlobalSection(ProjectConfigurationPlatforms) = postSolution
		{AA40028C-FB50-418E-9634-DF1A42DDFE56}.Debug|Any CPU.ActiveCfg = Debug|Any CPU
		{AA40028C-FB50-418E-9634-DF1A42DDFE56}.Debug|Any CPU.Build.0 = Debug|Any CPU
		{AA40028C-FB50-418E-9634-DF1A42DDFE56}.Release|Any CPU.ActiveCfg = Release|Any CPU
		{AA40028C-FB50-418E-9634-DF1A42DDFE56}.Release|Any CPU.Build.0 = Release|Any CPU
	EndGlobalSection
	GlobalSection(SolutionProperties) = preSolution
		HideSolutionNode = FALSE
	EndGlobalSection
	GlobalSection(ExtensibilityGlobals) = postSolution
		SolutionGuid = {3731F7FF-C86C-457F-9461-7C237C298A0F}
	EndGlobalSection
EndGlobal
